
Microsoft Visual Studio Solution File, Format Version 12.00
# Visual Studio Version 17
VisualStudioVersion = 17.8.34330.188
MinimumVisualStudioVersion = 10.0.40219.1
Project("{9A19103F-16F7-4668-BE54-9A1E7A4F7556}") = "SportRadar", "SportRadar\SportRadar.csproj", "{DB449872-00D7-4229-85A4-5A2EDD73EC26}"
EndProject
Project("{FAE04EC0-301F-11D3-BF4B-00C04F79EFBC}") = "SportRadar.Tests", "SportRadar.Tests\SportRadar.Tests.csproj", "{C0FEFBF4-D5F6-4B0D-9B22-BFA747C99083}"
EndProject
Global
	GlobalSection(SolutionConfigurationPlatforms) = preSolution
		Debug|Any CPU = Debug|Any CPU
		Release|Any CPU = Release|Any CPU
	EndGlobalSection
	GlobalSection(ProjectConfigurationPlatforms) = postSolution
		{DB449872-00D7-4229-85A4-5A2EDD73EC26}.Debug|Any CPU.ActiveCfg = Debug|Any CPU
		{DB449872-00D7-4229-85A4-5A2EDD73EC26}.Debug|Any CPU.Build.0 = Debug|Any CPU
		{DB449872-00D7-4229-85A4-5A2EDD73EC26}.Release|Any CPU.ActiveCfg = Release|Any CPU
		{DB449872-00D7-4229-85A4-5A2EDD73EC26}.Release|Any CPU.Build.0 = Release|Any CPU
		{C0FEFBF4-D5F6-4B0D-9B22-BFA747C99083}.Debug|Any CPU.ActiveCfg = Debug|Any CPU
		{C0FEFBF4-D5F6-4B0D-9B22-BFA747C99083}.Debug|Any CPU.Build.0 = Debug|Any CPU
		{C0FEFBF4-D5F6-4B0D-9B22-BFA747C99083}.Release|Any CPU.ActiveCfg = Release|Any CPU
		{C0FEFBF4-D5F6-4B0D-9B22-BFA747C99083}.Release|Any CPU.Build.0 = Release|Any CPU
	EndGlobalSection
	GlobalSection(SolutionProperties) = preSolution
		HideSolutionNode = FALSE
	EndGlobalSection
	GlobalSection(ExtensibilityGlobals) = postSolution
		SolutionGuid = {DC399DD5-A1D3-474E-AD27-3EB8A2ABE6FC}
	EndGlobalSection
EndGlobal
